// !$*UTF8*$!
{
	archiveVersion = 1;
	classes = {
	};
	objectVersion = 46;
	objects = {

/* Begin PBXBuildFile section */
		1438BE061ACB94840029811A /* SRFireBaseTableViewController.m in Sources */ = {isa = PBXBuildFile; fileRef = 1438BE051ACB94840029811A /* SRFireBaseTableViewController.m */; };
		1438BE0A1ACBA4EC0029811A /* SRCatChatTableViewController.m in Sources */ = {isa = PBXBuildFile; fileRef = 1438BE091ACBA4EC0029811A /* SRCatChatTableViewController.m */; };
		145371501AD2396A0058AB83 /* paw_64x64.png in Resources */ = {isa = PBXBuildFile; fileRef = 1453714F1AD2396A0058AB83 /* paw_64x64.png */; };
		146C29211AC8F51300555E8E /* UIColor+TubulrColors.m in Sources */ = {isa = PBXBuildFile; fileRef = 146C29201AC8F51300555E8E /* UIColor+TubulrColors.m */; };
		149E68461AC8A1F70023D8F0 /* main.m in Sources */ = {isa = PBXBuildFile; fileRef = 149E68451AC8A1F70023D8F0 /* main.m */; };
		149E68491AC8A1F70023D8F0 /* AppDelegate.m in Sources */ = {isa = PBXBuildFile; fileRef = 149E68481AC8A1F70023D8F0 /* AppDelegate.m */; };
		149E684F1AC8A1F70023D8F0 /* Main.storyboard in Resources */ = {isa = PBXBuildFile; fileRef = 149E684D1AC8A1F70023D8F0 /* Main.storyboard */; };
		149E68511AC8A1F70023D8F0 /* Images.xcassets in Resources */ = {isa = PBXBuildFile; fileRef = 149E68501AC8A1F70023D8F0 /* Images.xcassets */; };
		149E68541AC8A1F70023D8F0 /* LaunchScreen.xib in Resources */ = {isa = PBXBuildFile; fileRef = 149E68521AC8A1F70023D8F0 /* LaunchScreen.xib */; };
		149E68601AC8A1F70023D8F0 /* SRFirebaseScratchPadTests.m in Sources */ = {isa = PBXBuildFile; fileRef = 149E685F1AC8A1F70023D8F0 /* SRFirebaseScratchPadTests.m */; };
		149E686A1AC8A93C0023D8F0 /* libsqlite3.dylib in Frameworks */ = {isa = PBXBuildFile; fileRef = 149E68691AC8A93C0023D8F0 /* libsqlite3.dylib */; };
		149E686D1AC8B4D00023D8F0 /* SRSignInPageViewController.m in Sources */ = {isa = PBXBuildFile; fileRef = 149E686C1AC8B4D00023D8F0 /* SRSignInPageViewController.m */; };
		149E686F1AC8B5CE0023D8F0 /* SRSignInPageViewControllerTests.m in Sources */ = {isa = PBXBuildFile; fileRef = 149E686E1AC8B5CE0023D8F0 /* SRSignInPageViewControllerTests.m */; };
		149E68711AC8B8730023D8F0 /* hungryCat.png in Resources */ = {isa = PBXBuildFile; fileRef = 149E68701AC8B8730023D8F0 /* hungryCat.png */; };
		9FE4B32B04C687BCB7C54942 /* libPods-SRFirebaseScratchPad.a in Frameworks */ = {isa = PBXBuildFile; fileRef = D637634F1A8666A616670FBF /* libPods-SRFirebaseScratchPad.a */; };
/* End PBXBuildFile section */

/* Begin PBXContainerItemProxy section */
		149E685A1AC8A1F70023D8F0 /* PBXContainerItemProxy */ = {
			isa = PBXContainerItemProxy;
			containerPortal = 149E68381AC8A1F70023D8F0 /* Project object */;
			proxyType = 1;
			remoteGlobalIDString = 149E683F1AC8A1F70023D8F0;
			remoteInfo = SRFirebaseScratchPad;
		};
/* End PBXContainerItemProxy section */

/* Begin PBXFileReference section */
		1438BE041ACB94840029811A /* SRFireBaseTableViewController.h */ = {isa = PBXFileReference; fileEncoding = 4; lastKnownFileType = sourcecode.c.h; name = SRFireBaseTableViewController.h; path = ../SRFireBaseTableViewController.h; sourceTree = "<group>"; };
		1438BE051ACB94840029811A /* SRFireBaseTableViewController.m */ = {isa = PBXFileReference; fileEncoding = 4; lastKnownFileType = sourcecode.c.objc; name = SRFireBaseTableViewController.m; path = ../SRFireBaseTableViewController.m; sourceTree = "<group>"; };
		1438BE081ACBA4EC0029811A /* SRCatChatTableViewController.h */ = {isa = PBXFileReference; fileEncoding = 4; lastKnownFileType = sourcecode.c.h; name = SRCatChatTableViewController.h; path = ../SRCatChatTableViewController.h; sourceTree = "<group>"; };
		1438BE091ACBA4EC0029811A /* SRCatChatTableViewController.m */ = {isa = PBXFileReference; fileEncoding = 4; lastKnownFileType = sourcecode.c.objc; name = SRCatChatTableViewController.m; path = ../SRCatChatTableViewController.m; sourceTree = "<group>"; };
		1453714F1AD2396A0058AB83 /* paw_64x64.png */ = {isa = PBXFileReference; lastKnownFileType = image.png; name = paw_64x64.png; path = ../paw_64x64.png; sourceTree = "<group>"; };
		146C291F1AC8F51300555E8E /* UIColor+TubulrColors.h */ = {isa = PBXFileReference; fileEncoding = 4; lastKnownFileType = sourcecode.c.h; path = "UIColor+TubulrColors.h"; sourceTree = "<group>"; };
		146C29201AC8F51300555E8E /* UIColor+TubulrColors.m */ = {isa = PBXFileReference; fileEncoding = 4; lastKnownFileType = sourcecode.c.objc; path = "UIColor+TubulrColors.m"; sourceTree = "<group>"; };
		149E68401AC8A1F70023D8F0 /* SRFirebaseScratchPad.app */ = {isa = PBXFileReference; explicitFileType = wrapper.application; includeInIndex = 0; path = SRFirebaseScratchPad.app; sourceTree = BUILT_PRODUCTS_DIR; };
		149E68441AC8A1F70023D8F0 /* Info.plist */ = {isa = PBXFileReference; lastKnownFileType = text.plist.xml; path = Info.plist; sourceTree = "<group>"; };
		149E68451AC8A1F70023D8F0 /* main.m */ = {isa = PBXFileReference; lastKnownFileType = sourcecode.c.objc; path = main.m; sourceTree = "<group>"; };
		149E68471AC8A1F70023D8F0 /* AppDelegate.h */ = {isa = PBXFileReference; lastKnownFileType = sourcecode.c.h; path = AppDelegate.h; sourceTree = "<group>"; };
		149E68481AC8A1F70023D8F0 /* AppDelegate.m */ = {isa = PBXFileReference; lastKnownFileType = sourcecode.c.objc; path = AppDelegate.m; sourceTree = "<group>"; };
		149E684E1AC8A1F70023D8F0 /* Base */ = {isa = PBXFileReference; lastKnownFileType = file.storyboard; name = Base; path = Base.lproj/Main.storyboard; sourceTree = "<group>"; };
		149E68501AC8A1F70023D8F0 /* Images.xcassets */ = {isa = PBXFileReference; lastKnownFileType = folder.assetcatalog; path = Images.xcassets; sourceTree = "<group>"; };
		149E68531AC8A1F70023D8F0 /* Base */ = {isa = PBXFileReference; lastKnownFileType = file.xib; name = Base; path = Base.lproj/LaunchScreen.xib; sourceTree = "<group>"; };
		149E68591AC8A1F70023D8F0 /* SRFirebaseScratchPadTests.xctest */ = {isa = PBXFileReference; explicitFileType = wrapper.cfbundle; includeInIndex = 0; path = SRFirebaseScratchPadTests.xctest; sourceTree = BUILT_PRODUCTS_DIR; };
		149E685E1AC8A1F70023D8F0 /* Info.plist */ = {isa = PBXFileReference; lastKnownFileType = text.plist.xml; path = Info.plist; sourceTree = "<group>"; };
		149E685F1AC8A1F70023D8F0 /* SRFirebaseScratchPadTests.m */ = {isa = PBXFileReference; lastKnownFileType = sourcecode.c.objc; path = SRFirebaseScratchPadTests.m; sourceTree = "<group>"; };
		149E68691AC8A93C0023D8F0 /* libsqlite3.dylib */ = {isa = PBXFileReference; lastKnownFileType = "compiled.mach-o.dylib"; name = libsqlite3.dylib; path = usr/lib/libsqlite3.dylib; sourceTree = SDKROOT; };
		149E686B1AC8B4D00023D8F0 /* SRSignInPageViewController.h */ = {isa = PBXFileReference; fileEncoding = 4; lastKnownFileType = sourcecode.c.h; path = SRSignInPageViewController.h; sourceTree = "<group>"; };
		149E686C1AC8B4D00023D8F0 /* SRSignInPageViewController.m */ = {isa = PBXFileReference; fileEncoding = 4; lastKnownFileType = sourcecode.c.objc; path = SRSignInPageViewController.m; sourceTree = "<group>"; };
		149E686E1AC8B5CE0023D8F0 /* SRSignInPageViewControllerTests.m */ = {isa = PBXFileReference; fileEncoding = 4; lastKnownFileType = sourcecode.c.objc; name = SRSignInPageViewControllerTests.m; path = ../SRFirebaseScratchPad/SRSignInPageViewControllerTests.m; sourceTree = "<group>"; };
		149E68701AC8B8730023D8F0 /* hungryCat.png */ = {isa = PBXFileReference; lastKnownFileType = image.png; path = hungryCat.png; sourceTree = "<group>"; };
		7301988BD33A0AD86A56FE15 /* Pods-SRFirebaseScratchPad.release.xcconfig */ = {isa = PBXFileReference; includeInIndex = 1; lastKnownFileType = text.xcconfig; name = "Pods-SRFirebaseScratchPad.release.xcconfig"; path = "Pods/Target Support Files/Pods-SRFirebaseScratchPad/Pods-SRFirebaseScratchPad.release.xcconfig"; sourceTree = "<group>"; };
		D089B14A13803CC6A99AE134 /* Pods-SRFirebaseScratchPad.debug.xcconfig */ = {isa = PBXFileReference; includeInIndex = 1; lastKnownFileType = text.xcconfig; name = "Pods-SRFirebaseScratchPad.debug.xcconfig"; path = "Pods/Target Support Files/Pods-SRFirebaseScratchPad/Pods-SRFirebaseScratchPad.debug.xcconfig"; sourceTree = "<group>"; };
		D637634F1A8666A616670FBF /* libPods-SRFirebaseScratchPad.a */ = {isa = PBXFileReference; explicitFileType = archive.ar; includeInIndex = 0; path = "libPods-SRFirebaseScratchPad.a"; sourceTree = BUILT_PRODUCTS_DIR; };
/* End PBXFileReference section */

/* Begin PBXFrameworksBuildPhase section */
		149E683D1AC8A1F70023D8F0 /* Frameworks */ = {
			isa = PBXFrameworksBuildPhase;
			buildActionMask = 2147483647;
			files = (
				149E686A1AC8A93C0023D8F0 /* libsqlite3.dylib in Frameworks */,
				9FE4B32B04C687BCB7C54942 /* libPods-SRFirebaseScratchPad.a in Frameworks */,
			);
			runOnlyForDeploymentPostprocessing = 0;
		};
		149E68561AC8A1F70023D8F0 /* Frameworks */ = {
			isa = PBXFrameworksBuildPhase;
			buildActionMask = 2147483647;
			files = (
			);
			runOnlyForDeploymentPostprocessing = 0;
		};
/* End PBXFrameworksBuildPhase section */

/* Begin PBXGroup section */
		1438BE071ACBA1070029811A /* App Delegate */ = {
			isa = PBXGroup;
			children = (
				149E68471AC8A1F70023D8F0 /* AppDelegate.h */,
				149E68481AC8A1F70023D8F0 /* AppDelegate.m */,
			);
			name = "App Delegate";
			sourceTree = "<group>";
		};
		1438BE0B1ACBA4F90029811A /* Old UI (For Reference, Delete Later) */ = {
			isa = PBXGroup;
			children = (
				149E686B1AC8B4D00023D8F0 /* SRSignInPageViewController.h */,
				149E686C1AC8B4D00023D8F0 /* SRSignInPageViewController.m */,
			);
			name = "Old UI (For Reference, Delete Later)";
			sourceTree = "<group>";
		};
		149E68371AC8A1F70023D8F0 = {
			isa = PBXGroup;
			children = (
				149E68421AC8A1F70023D8F0 /* SRFirebaseScratchPad */,
				149E685C1AC8A1F70023D8F0 /* SRFirebaseScratchPadTests */,
				149E68411AC8A1F70023D8F0 /* Products */,
				AE594061471C5C943DC40FA1 /* Pods */,
				594DDD4A9E3B9ABF9506149F /* Frameworks */,
			);
			sourceTree = "<group>";
		};
		149E68411AC8A1F70023D8F0 /* Products */ = {
			isa = PBXGroup;
			children = (
				149E68401AC8A1F70023D8F0 /* SRFirebaseScratchPad.app */,
				149E68591AC8A1F70023D8F0 /* SRFirebaseScratchPadTests.xctest */,
			);
			name = Products;
			sourceTree = "<group>";
		};
		149E68421AC8A1F70023D8F0 /* SRFirebaseScratchPad */ = {
			isa = PBXGroup;
			children = (
				1438BE071ACBA1070029811A /* App Delegate */,
				1438BE041ACB94840029811A /* SRFireBaseTableViewController.h */,
				1438BE051ACB94840029811A /* SRFireBaseTableViewController.m */,
				1438BE081ACBA4EC0029811A /* SRCatChatTableViewController.h */,
				1438BE091ACBA4EC0029811A /* SRCatChatTableViewController.m */,
				1438BE0B1ACBA4F90029811A /* Old UI (For Reference, Delete Later) */,
				149E68431AC8A1F70023D8F0 /* Supporting Files */,
			);
			path = SRFirebaseScratchPad;
			sourceTree = "<group>";
		};
		149E68431AC8A1F70023D8F0 /* Supporting Files */ = {
			isa = PBXGroup;
			children = (
				149E684D1AC8A1F70023D8F0 /* Main.storyboard */,
				149E68501AC8A1F70023D8F0 /* Images.xcassets */,
				149E68521AC8A1F70023D8F0 /* LaunchScreen.xib */,
				149E68701AC8B8730023D8F0 /* hungryCat.png */,
				146C291F1AC8F51300555E8E /* UIColor+TubulrColors.h */,
				146C29201AC8F51300555E8E /* UIColor+TubulrColors.m */,
				149E68441AC8A1F70023D8F0 /* Info.plist */,
				149E68451AC8A1F70023D8F0 /* main.m */,
			);
			name = "Supporting Files";
			sourceTree = "<group>";
		};
		149E685C1AC8A1F70023D8F0 /* SRFirebaseScratchPadTests */ = {
			isa = PBXGroup;
			children = (
				149E686E1AC8B5CE0023D8F0 /* SRSignInPageViewControllerTests.m */,
				149E685F1AC8A1F70023D8F0 /* SRFirebaseScratchPadTests.m */,
				149E685D1AC8A1F70023D8F0 /* Supporting Files */,
			);
			path = SRFirebaseScratchPadTests;
			sourceTree = "<group>";
		};
		149E685D1AC8A1F70023D8F0 /* Supporting Files */ = {
			isa = PBXGroup;
			children = (
				1453714F1AD2396A0058AB83 /* paw_64x64.png */,
				149E685E1AC8A1F70023D8F0 /* Info.plist */,
			);
			name = "Supporting Files";
			sourceTree = "<group>";
		};
		594DDD4A9E3B9ABF9506149F /* Frameworks */ = {
			isa = PBXGroup;
			children = (
				149E68691AC8A93C0023D8F0 /* libsqlite3.dylib */,
				D637634F1A8666A616670FBF /* libPods-SRFirebaseScratchPad.a */,
			);
			name = Frameworks;
			sourceTree = "<group>";
		};
		AE594061471C5C943DC40FA1 /* Pods */ = {
			isa = PBXGroup;
			children = (
				D089B14A13803CC6A99AE134 /* Pods-SRFirebaseScratchPad.debug.xcconfig */,
				7301988BD33A0AD86A56FE15 /* Pods-SRFirebaseScratchPad.release.xcconfig */,
			);
			name = Pods;
			sourceTree = "<group>";
		};
/* End PBXGroup section */

/* Begin PBXNativeTarget section */
		149E683F1AC8A1F70023D8F0 /* SRFirebaseScratchPad */ = {
			isa = PBXNativeTarget;
			buildConfigurationList = 149E68631AC8A1F70023D8F0 /* Build configuration list for PBXNativeTarget "SRFirebaseScratchPad" */;
			buildPhases = (
				C73B4EF197F2CF1D6334E2F7 /* Check Pods Manifest.lock */,
				149E683C1AC8A1F70023D8F0 /* Sources */,
				149E683D1AC8A1F70023D8F0 /* Frameworks */,
				149E683E1AC8A1F70023D8F0 /* Resources */,
				1F3275EA83473C7FFBCF0BCE /* Copy Pods Resources */,
			);
			buildRules = (
			);
			dependencies = (
			);
			name = SRFirebaseScratchPad;
			productName = SRFirebaseScratchPad;
			productReference = 149E68401AC8A1F70023D8F0 /* SRFirebaseScratchPad.app */;
			productType = "com.apple.product-type.application";
		};
		149E68581AC8A1F70023D8F0 /* SRFirebaseScratchPadTests */ = {
			isa = PBXNativeTarget;
			buildConfigurationList = 149E68661AC8A1F70023D8F0 /* Build configuration list for PBXNativeTarget "SRFirebaseScratchPadTests" */;
			buildPhases = (
				149E68551AC8A1F70023D8F0 /* Sources */,
				149E68561AC8A1F70023D8F0 /* Frameworks */,
				149E68571AC8A1F70023D8F0 /* Resources */,
			);
			buildRules = (
			);
			dependencies = (
				149E685B1AC8A1F70023D8F0 /* PBXTargetDependency */,
			);
			name = SRFirebaseScratchPadTests;
			productName = SRFirebaseScratchPadTests;
			productReference = 149E68591AC8A1F70023D8F0 /* SRFirebaseScratchPadTests.xctest */;
			productType = "com.apple.product-type.bundle.unit-test";
		};
/* End PBXNativeTarget section */

/* Begin PBXProject section */
		149E68381AC8A1F70023D8F0 /* Project object */ = {
			isa = PBXProject;
			attributes = {
				LastUpgradeCheck = 0610;
				ORGANIZATIONNAME = "Louis Tur";
				TargetAttributes = {
					149E683F1AC8A1F70023D8F0 = {
						CreatedOnToolsVersion = 6.1.1;
						DevelopmentTeam = 3457AE227Q;
					};
					149E68581AC8A1F70023D8F0 = {
						CreatedOnToolsVersion = 6.1.1;
						TestTargetID = 149E683F1AC8A1F70023D8F0;
					};
				};
			};
			buildConfigurationList = 149E683B1AC8A1F70023D8F0 /* Build configuration list for PBXProject "SRFirebaseScratchPad" */;
			compatibilityVersion = "Xcode 3.2";
			developmentRegion = English;
			hasScannedForEncodings = 0;
			knownRegions = (
				en,
				Base,
			);
			mainGroup = 149E68371AC8A1F70023D8F0;
			productRefGroup = 149E68411AC8A1F70023D8F0 /* Products */;
			projectDirPath = "";
			projectRoot = "";
			targets = (
				149E683F1AC8A1F70023D8F0 /* SRFirebaseScratchPad */,
				149E68581AC8A1F70023D8F0 /* SRFirebaseScratchPadTests */,
			);
		};
/* End PBXProject section */

/* Begin PBXResourcesBuildPhase section */
		149E683E1AC8A1F70023D8F0 /* Resources */ = {
			isa = PBXResourcesBuildPhase;
			buildActionMask = 2147483647;
			files = (
				149E684F1AC8A1F70023D8F0 /* Main.storyboard in Resources */,
				149E68711AC8B8730023D8F0 /* hungryCat.png in Resources */,
				145371501AD2396A0058AB83 /* paw_64x64.png in Resources */,
				149E68541AC8A1F70023D8F0 /* LaunchScreen.xib in Resources */,
				149E68511AC8A1F70023D8F0 /* Images.xcassets in Resources */,
			);
			runOnlyForDeploymentPostprocessing = 0;
		};
		149E68571AC8A1F70023D8F0 /* Resources */ = {
			isa = PBXResourcesBuildPhase;
			buildActionMask = 2147483647;
			files = (
			);
			runOnlyForDeploymentPostprocessing = 0;
		};
/* End PBXResourcesBuildPhase section */

/* Begin PBXShellScriptBuildPhase section */
		1F3275EA83473C7FFBCF0BCE /* Copy Pods Resources */ = {
			isa = PBXShellScriptBuildPhase;
			buildActionMask = 2147483647;
			files = (
			);
			inputPaths = (
			);
			name = "Copy Pods Resources";
			outputPaths = (
			);
			runOnlyForDeploymentPostprocessing = 0;
			shellPath = /bin/sh;
			shellScript = "\"${SRCROOT}/Pods/Target Support Files/Pods-SRFirebaseScratchPad/Pods-SRFirebaseScratchPad-resources.sh\"\n";
			showEnvVarsInLog = 0;
		};
		C73B4EF197F2CF1D6334E2F7 /* Check Pods Manifest.lock */ = {
			isa = PBXShellScriptBuildPhase;
			buildActionMask = 2147483647;
			files = (
			);
			inputPaths = (
			);
			name = "Check Pods Manifest.lock";
			outputPaths = (
			);
			runOnlyForDeploymentPostprocessing = 0;
			shellPath = /bin/sh;
			shellScript = "diff \"${PODS_ROOT}/../Podfile.lock\" \"${PODS_ROOT}/Manifest.lock\" > /dev/null\nif [[ $? != 0 ]] ; then\n    cat << EOM\nerror: The sandbox is not in sync with the Podfile.lock. Run 'pod install' or update your CocoaPods installation.\nEOM\n    exit 1\nfi\n";
			showEnvVarsInLog = 0;
		};
/* End PBXShellScriptBuildPhase section */

/* Begin PBXSourcesBuildPhase section */
		149E683C1AC8A1F70023D8F0 /* Sources */ = {
			isa = PBXSourcesBuildPhase;
			buildActionMask = 2147483647;
			files = (
				146C29211AC8F51300555E8E /* UIColor+TubulrColors.m in Sources */,
				149E68491AC8A1F70023D8F0 /* AppDelegate.m in Sources */,
				149E68461AC8A1F70023D8F0 /* main.m in Sources */,
				149E686D1AC8B4D00023D8F0 /* SRSignInPageViewController.m in Sources */,
				1438BE061ACB94840029811A /* SRFireBaseTableViewController.m in Sources */,
				1438BE0A1ACBA4EC0029811A /* SRCatChatTableViewController.m in Sources */,
			);
			runOnlyForDeploymentPostprocessing = 0;
		};
		149E68551AC8A1F70023D8F0 /* Sources */ = {
			isa = PBXSourcesBuildPhase;
			buildActionMask = 2147483647;
			files = (
				149E686F1AC8B5CE0023D8F0 /* SRSignInPageViewControllerTests.m in Sources */,
				149E68601AC8A1F70023D8F0 /* SRFirebaseScratchPadTests.m in Sources */,
			);
			runOnlyForDeploymentPostprocessing = 0;
		};
/* End PBXSourcesBuildPhase section */

/* Begin PBXTargetDependency section */
		149E685B1AC8A1F70023D8F0 /* PBXTargetDependency */ = {
			isa = PBXTargetDependency;
			target = 149E683F1AC8A1F70023D8F0 /* SRFirebaseScratchPad */;
			targetProxy = 149E685A1AC8A1F70023D8F0 /* PBXContainerItemProxy */;
		};
/* End PBXTargetDependency section */

/* Begin PBXVariantGroup section */
		149E684D1AC8A1F70023D8F0 /* Main.storyboard */ = {
			isa = PBXVariantGroup;
			children = (
				149E684E1AC8A1F70023D8F0 /* Base */,
			);
			name = Main.storyboard;
			sourceTree = "<group>";
		};
		149E68521AC8A1F70023D8F0 /* LaunchScreen.xib */ = {
			isa = PBXVariantGroup;
			children = (
				149E68531AC8A1F70023D8F0 /* Base */,
			);
			name = LaunchScreen.xib;
			sourceTree = "<group>";
		};
/* End PBXVariantGroup section */

/* Begin XCBuildConfiguration section */
		149E68611AC8A1F70023D8F0 /* Debug */ = {
			isa = XCBuildConfiguration;
			buildSettings = {
				ALWAYS_SEARCH_USER_PATHS = NO;
				CLANG_CXX_LANGUAGE_STANDARD = "gnu++0x";
				CLANG_CXX_LIBRARY = "libc++";
				CLANG_ENABLE_MODULES = YES;
				CLANG_ENABLE_OBJC_ARC = YES;
				CLANG_WARN_BOOL_CONVERSION = YES;
				CLANG_WARN_CONSTANT_CONVERSION = YES;
				CLANG_WARN_DIRECT_OBJC_ISA_USAGE = YES_ERROR;
				CLANG_WARN_EMPTY_BODY = YES;
				CLANG_WARN_ENUM_CONVERSION = YES;
				CLANG_WARN_INT_CONVERSION = YES;
				CLANG_WARN_OBJC_ROOT_CLASS = YES_ERROR;
				CLANG_WARN_UNREACHABLE_CODE = YES;
				CLANG_WARN__DUPLICATE_METHOD_MATCH = YES;
				"CODE_SIGN_IDENTITY[sdk=iphoneos*]" = "iPhone Developer";
				COPY_PHASE_STRIP = NO;
				ENABLE_STRICT_OBJC_MSGSEND = YES;
				GCC_C_LANGUAGE_STANDARD = gnu99;
				GCC_DYNAMIC_NO_PIC = NO;
				GCC_OPTIMIZATION_LEVEL = 0;
				GCC_PREPROCESSOR_DEFINITIONS = (
					"DEBUG=1",
					"$(inherited)",
				);
				GCC_SYMBOLS_PRIVATE_EXTERN = NO;
				GCC_WARN_64_TO_32_BIT_CONVERSION = YES;
				GCC_WARN_ABOUT_RETURN_TYPE = YES_ERROR;
				GCC_WARN_UNDECLARED_SELECTOR = YES;
				GCC_WARN_UNINITIALIZED_AUTOS = YES_AGGRESSIVE;
				GCC_WARN_UNUSED_FUNCTION = YES;
				GCC_WARN_UNUSED_VARIABLE = YES;
				IPHONEOS_DEPLOYMENT_TARGET = 8.1;
				MTL_ENABLE_DEBUG_INFO = YES;
				ONLY_ACTIVE_ARCH = YES;
				SDKROOT = iphoneos;
			};
			name = Debug;
		};
		149E68621AC8A1F70023D8F0 /* Release */ = {
			isa = XCBuildConfiguration;
			buildSettings = {
				ALWAYS_SEARCH_USER_PATHS = NO;
				CLANG_CXX_LANGUAGE_STANDARD = "gnu++0x";
				CLANG_CXX_LIBRARY = "libc++";
				CLANG_ENABLE_MODULES = YES;
				CLANG_ENABLE_OBJC_ARC = YES;
				CLANG_WARN_BOOL_CONVERSION = YES;
				CLANG_WARN_CONSTANT_CONVERSION = YES;
				CLANG_WARN_DIRECT_OBJC_ISA_USAGE = YES_ERROR;
				CLANG_WARN_EMPTY_BODY = YES;
				CLANG_WARN_ENUM_CONVERSION = YES;
				CLANG_WARN_INT_CONVERSION = YES;
				CLANG_WARN_OBJC_ROOT_CLASS = YES_ERROR;
				CLANG_WARN_UNREACHABLE_CODE = YES;
				CLANG_WARN__DUPLICATE_METHOD_MATCH = YES;
				"CODE_SIGN_IDENTITY[sdk=iphoneos*]" = "iPhone Developer";
				COPY_PHASE_STRIP = YES;
				ENABLE_NS_ASSERTIONS = NO;
				ENABLE_STRICT_OBJC_MSGSEND = YES;
				GCC_C_LANGUAGE_STANDARD = gnu99;
				GCC_WARN_64_TO_32_BIT_CONVERSION = YES;
				GCC_WARN_ABOUT_RETURN_TYPE = YES_ERROR;
				GCC_WARN_UNDECLARED_SELECTOR = YES;
				GCC_WARN_UNINITIALIZED_AUTOS = YES_AGGRESSIVE;
				GCC_WARN_UNUSED_FUNCTION = YES;
				GCC_WARN_UNUSED_VARIABLE = YES;
				IPHONEOS_DEPLOYMENT_TARGET = 8.1;
				MTL_ENABLE_DEBUG_INFO = NO;
				SDKROOT = iphoneos;
				VALIDATE_PRODUCT = YES;
			};
			name = Release;
		};
		149E68641AC8A1F70023D8F0 /* Debug */ = {
			isa = XCBuildConfiguration;
			baseConfigurationReference = D089B14A13803CC6A99AE134 /* Pods-SRFirebaseScratchPad.debug.xcconfig */;
			buildSettings = {
				ASSETCATALOG_COMPILER_APPICON_NAME = AppIcon;
				CODE_SIGN_IDENTITY = "iPhone Developer";
				INFOPLIST_FILE = SRFirebaseScratchPad/Info.plist;
				LD_RUNPATH_SEARCH_PATHS = "$(inherited) @executable_path/Frameworks";
				PRODUCT_NAME = "$(TARGET_NAME)";
			};
			name = Debug;
		};
		149E68651AC8A1F70023D8F0 /* Release */ = {
			isa = XCBuildConfiguration;
			baseConfigurationReference = 7301988BD33A0AD86A56FE15 /* Pods-SRFirebaseScratchPad.release.xcconfig */;
			buildSettings = {
				ASSETCATALOG_COMPILER_APPICON_NAME = AppIcon;
				CODE_SIGN_IDENTITY = "iPhone Developer";
				INFOPLIST_FILE = SRFirebaseScratchPad/Info.plist;
				LD_RUNPATH_SEARCH_PATHS = "$(inherited) @executable_path/Frameworks";
				PRODUCT_NAME = "$(TARGET_NAME)";
			};
			name = Release;
		};
		149E68671AC8A1F70023D8F0 /* Debug */ = {
			isa = XCBuildConfiguration;
			buildSettings = {
				BUNDLE_LOADER = "$(TEST_HOST)";
				FRAMEWORK_SEARCH_PATHS = (
					"$(SDKROOT)/Developer/Library/Frameworks",
					"$(inherited)",
				);
				GCC_PREPROCESSOR_DEFINITIONS = (
					"DEBUG=1",
					"$(inherited)",
				);
				INFOPLIST_FILE = SRFirebaseScratchPadTests/Info.plist;
				LD_RUNPATH_SEARCH_PATHS = "$(inherited) @executable_path/Frameworks @loader_path/Frameworks";
				PRODUCT_NAME = "$(TARGET_NAME)";
				TEST_HOST = "$(BUILT_PRODUCTS_DIR)/SRFirebaseScratchPad.app/SRFirebaseScratchPad";
			};
			name = Debug;
		};
		149E68681AC8A1F70023D8F0 /* Release */ = {
			isa = XCBuildConfiguration;
			buildSettings = {
				BUNDLE_LOADER = "$(TEST_HOST)";
				FRAMEWORK_SEARCH_PATHS = (
					"$(SDKROOT)/Developer/Library/Frameworks",
					"$(inherited)",
				);
				INFOPLIST_FILE = SRFirebaseScratchPadTests/Info.plist;
				LD_RUNPATH_SEARCH_PATHS = "$(inherited) @executable_path/Frameworks @loader_path/Frameworks";
				PRODUCT_NAME = "$(TARGET_NAME)";
				TEST_HOST = "$(BUILT_PRODUCTS_DIR)/SRFirebaseScratchPad.app/SRFirebaseScratchPad";
			};
			name = Release;
		};
/* End XCBuildConfiguration section */

/* Begin XCConfigurationList section */
		149E683B1AC8A1F70023D8F0 /* Build configuration list for PBXProject "SRFirebaseScratchPad" */ = {
			isa = XCConfigurationList;
			buildConfigurations = (
				149E68611AC8A1F70023D8F0 /* Debug */,
				149E68621AC8A1F70023D8F0 /* Release */,
			);
			defaultConfigurationIsVisible = 0;
			defaultConfigurationName = Release;
		};
		149E68631AC8A1F70023D8F0 /* Build configuration list for PBXNativeTarget "SRFirebaseScratchPad" */ = {
			isa = XCConfigurationList;
			buildConfigurations = (
				149E68641AC8A1F70023D8F0 /* Debug */,
				149E68651AC8A1F70023D8F0 /* Release */,
			);
			defaultConfigurationIsVisible = 0;
			defaultConfigurationName = Release;
		};
		149E68661AC8A1F70023D8F0 /* Build configuration list for PBXNativeTarget "SRFirebaseScratchPadTests" */ = {
			isa = XCConfigurationList;
			buildConfigurations = (
				149E68671AC8A1F70023D8F0 /* Debug */,
				149E68681AC8A1F70023D8F0 /* Release */,
			);
			defaultConfigurationIsVisible = 0;
			defaultConfigurationName = Release;
		};
/* End XCConfigurationList section */
	};
	rootObject = 149E68381AC8A1F70023D8F0 /* Project object */;
}
